
Microsoft Visual Studio Solution File, Format Version 12.00
# Visual Studio Version 16
VisualStudioVersion = 16.0.34031.81
MinimumVisualStudioVersion = 10.0.40219.1
Project("{2150E333-8FDC-42A3-9474-1A3956D46DE8}") = "Task0", "Task0", "{44C6B0A3-6BCA-46D4-A830-1B35F76AC8F2}"
EndProject
Project("{FAE04EC0-301F-11D3-BF4B-00C04F79EFBC}") = "Tyuiu.KushnerovIA.Sprint1.Task0.V26", "Tyuiu.KushnerovIA.Sprint1.Task0.V26\Tyuiu.KushnerovIA.Sprint1.Task0.V26.csproj", "{615FFC10-E818-4176-A0F3-8C8CFE56FAED}"
EndProject
Project("{FAE04EC0-301F-11D3-BF4B-00C04F79EFBC}") = "Tyuiu.KushnerovIA.Sprint1.Task0.V26.Test", "Tyuiu.KushnerovIA.Sprint1.Task0.V26.Test\Tyuiu.KushnerovIA.Sprint1.Task0.V26.Test.csproj", "{425CAB31-2887-49FB-A322-A6931CF48999}"
EndProject
Project("{FAE04EC0-301F-11D3-BF4B-00C04F79EFBC}") = "Tyuiu.KushnerovIA.Sprint1.Task0.V26.Lib", "Tyuiu.KushnerovIA.Sprint1.Task0.V26.Lib\Tyuiu.KushnerovIA.Sprint1.Task0.V26.Lib.csproj", "{948B09A9-3216-4FE4-B05C-4DEF8952BB27}"
EndProject
Project("{2150E333-8FDC-42A3-9474-1A3956D46DE8}") = "Task1", "Task1", "{8A31A42E-92BF-415B-A2E7-8DA971C7F887}"
EndProject
Project("{FAE04EC0-301F-11D3-BF4B-00C04F79EFBC}") = "Tyuiu.KushnerovIA.Sprint1.Task1.V16", "Tyuiu.KushnerovIA.Sprint1.Task1.V16\Tyuiu.KushnerovIA.Sprint1.Task1.V16.csproj", "{24D09EEB-3172-421C-AED1-2372675DAB50}"
EndProject
Project("{FAE04EC0-301F-11D3-BF4B-00C04F79EFBC}") = "Tyuiu.KushnerovIA.Sprint1.Task1.V16.Lib", "Tyuiu.KushnerovIA.Sprint1.Task1.V16.Lib\Tyuiu.KushnerovIA.Sprint1.Task1.V16.Lib.csproj", "{1525D304-62E3-4076-9B3C-F7FFFC751350}"
EndProject
Project("{FAE04EC0-301F-11D3-BF4B-00C04F79EFBC}") = "Tyuiu.KushnerovIA.Sprint1.Task1.V16.Test", "Tyuiu.KushnerovIA.Sprint1.Task1.V16.Test\Tyuiu.KushnerovIA.Sprint1.Task1.V16.Test.csproj", "{892279A0-20D8-4421-90DE-42FA538E4738}"
EndProject
Project("{2150E333-8FDC-42A3-9474-1A3956D46DE8}") = "Task2", "Task2", "{EDE9D1D7-2B97-45F2-A591-768C7128F98D}"
EndProject
Project("{FAE04EC0-301F-11D3-BF4B-00C04F79EFBC}") = "Tyuiu.KushnerovIA.Sprint1.Task2.V17", "Tyuiu.KushnerovIA.Sprint1.Task2.V17\Tyuiu.KushnerovIA.Sprint1.Task2.V17.csproj", "{0CA242CC-8F76-4E66-A830-7E8EDE98A442}"
EndProject
Project("{FAE04EC0-301F-11D3-BF4B-00C04F79EFBC}") = "Tyuiu.KushnerovIA.Sprint1.Task2.V17.Test", "Tyuiu.KushnerovIA.Sprint1.Task2.V17.Test\Tyuiu.KushnerovIA.Sprint1.Task2.V17.Test.csproj", "{9FDDF7A6-294D-4AA8-A33A-3A080296E37B}"
EndProject
Project("{FAE04EC0-301F-11D3-BF4B-00C04F79EFBC}") = "Tyuiu.KushnerovIA.Sprint1.Task2.V17.Lib", "Tyuiu.KushnerovIA.Sprint1.Task2.V17.Lib\Tyuiu.KushnerovIA.Sprint1.Task2.V17.Lib.csproj", "{DEAEF538-69C2-4BDA-B6A9-6958ABD01DA5}"
EndProject
Global
	GlobalSection(SolutionConfigurationPlatforms) = preSolution
		Debug|Any CPU = Debug|Any CPU
		Release|Any CPU = Release|Any CPU
	EndGlobalSection
	GlobalSection(ProjectConfigurationPlatforms) = postSolution
		{615FFC10-E818-4176-A0F3-8C8CFE56FAED}.Debug|Any CPU.ActiveCfg = Debug|Any CPU
		{615FFC10-E818-4176-A0F3-8C8CFE56FAED}.Debug|Any CPU.Build.0 = Debug|Any CPU
		{615FFC10-E818-4176-A0F3-8C8CFE56FAED}.Release|Any CPU.ActiveCfg = Release|Any CPU
		{615FFC10-E818-4176-A0F3-8C8CFE56FAED}.Release|Any CPU.Build.0 = Release|Any CPU
		{425CAB31-2887-49FB-A322-A6931CF48999}.Debug|Any CPU.ActiveCfg = Debug|Any CPU
		{425CAB31-2887-49FB-A322-A6931CF48999}.Debug|Any CPU.Build.0 = Debug|Any CPU
		{425CAB31-2887-49FB-A322-A6931CF48999}.Release|Any CPU.ActiveCfg = Release|Any CPU
		{425CAB31-2887-49FB-A322-A6931CF48999}.Release|Any CPU.Build.0 = Release|Any CPU
		{948B09A9-3216-4FE4-B05C-4DEF8952BB27}.Debug|Any CPU.ActiveCfg = Debug|Any CPU
		{948B09A9-3216-4FE4-B05C-4DEF8952BB27}.Debug|Any CPU.Build.0 = Debug|Any CPU
		{948B09A9-3216-4FE4-B05C-4DEF8952BB27}.Release|Any CPU.ActiveCfg = Release|Any CPU
		{948B09A9-3216-4FE4-B05C-4DEF8952BB27}.Release|Any CPU.Build.0 = Release|Any CPU
		{24D09EEB-3172-421C-AED1-2372675DAB50}.Debug|Any CPU.ActiveCfg = Debug|Any CPU
		{24D09EEB-3172-421C-AED1-2372675DAB50}.Debug|Any CPU.Build.0 = Debug|Any CPU
		{24D09EEB-3172-421C-AED1-2372675DAB50}.Release|Any CPU.ActiveCfg = Release|Any CPU
		{24D09EEB-3172-421C-AED1-2372675DAB50}.Release|Any CPU.Build.0 = Release|Any CPU
		{1525D304-62E3-4076-9B3C-F7FFFC751350}.Debug|Any CPU.ActiveCfg = Debug|Any CPU
		{1525D304-62E3-4076-9B3C-F7FFFC751350}.Debug|Any CPU.Build.0 = Debug|Any CPU
		{1525D304-62E3-4076-9B3C-F7FFFC751350}.Release|Any CPU.ActiveCfg = Release|Any CPU
		{1525D304-62E3-4076-9B3C-F7FFFC751350}.Release|Any CPU.Build.0 = Release|Any CPU
		{892279A0-20D8-4421-90DE-42FA538E4738}.Debug|Any CPU.ActiveCfg = Debug|Any CPU
		{892279A0-20D8-4421-90DE-42FA538E4738}.Debug|Any CPU.Build.0 = Debug|Any CPU
		{892279A0-20D8-4421-90DE-42FA538E4738}.Release|Any CPU.ActiveCfg = Release|Any CPU
		{892279A0-20D8-4421-90DE-42FA538E4738}.Release|Any CPU.Build.0 = Release|Any CPU
		{0CA242CC-8F76-4E66-A830-7E8EDE98A442}.Debug|Any CPU.ActiveCfg = Debug|Any CPU
		{0CA242CC-8F76-4E66-A830-7E8EDE98A442}.Debug|Any CPU.Build.0 = Debug|Any CPU
		{0CA242CC-8F76-4E66-A830-7E8EDE98A442}.Release|Any CPU.ActiveCfg = Release|Any CPU
		{0CA242CC-8F76-4E66-A830-7E8EDE98A442}.Release|Any CPU.Build.0 = Release|Any CPU
		{9FDDF7A6-294D-4AA8-A33A-3A080296E37B}.Debug|Any CPU.ActiveCfg = Debug|Any CPU
		{9FDDF7A6-294D-4AA8-A33A-3A080296E37B}.Debug|Any CPU.Build.0 = Debug|Any CPU
		{9FDDF7A6-294D-4AA8-A33A-3A080296E37B}.Release|Any CPU.ActiveCfg = Release|Any CPU
		{9FDDF7A6-294D-4AA8-A33A-3A080296E37B}.Release|Any CPU.Build.0 = Release|Any CPU
		{DEAEF538-69C2-4BDA-B6A9-6958ABD01DA5}.Debug|Any CPU.ActiveCfg = Debug|Any CPU
		{DEAEF538-69C2-4BDA-B6A9-6958ABD01DA5}.Debug|Any CPU.Build.0 = Debug|Any CPU
		{DEAEF538-69C2-4BDA-B6A9-6958ABD01DA5}.Release|Any CPU.ActiveCfg = Release|Any CPU
		{DEAEF538-69C2-4BDA-B6A9-6958ABD01DA5}.Release|Any CPU.Build.0 = Release|Any CPU
	EndGlobalSection
	GlobalSection(SolutionProperties) = preSolution
		HideSolutionNode = FALSE
	EndGlobalSection
	GlobalSection(NestedProjects) = preSolution
		{615FFC10-E818-4176-A0F3-8C8CFE56FAED} = {44C6B0A3-6BCA-46D4-A830-1B35F76AC8F2}
		{425CAB31-2887-49FB-A322-A6931CF48999} = {44C6B0A3-6BCA-46D4-A830-1B35F76AC8F2}
		{948B09A9-3216-4FE4-B05C-4DEF8952BB27} = {44C6B0A3-6BCA-46D4-A830-1B35F76AC8F2}
		{24D09EEB-3172-421C-AED1-2372675DAB50} = {8A31A42E-92BF-415B-A2E7-8DA971C7F887}
		{1525D304-62E3-4076-9B3C-F7FFFC751350} = {8A31A42E-92BF-415B-A2E7-8DA971C7F887}
		{892279A0-20D8-4421-90DE-42FA538E4738} = {8A31A42E-92BF-415B-A2E7-8DA971C7F887}
		{0CA242CC-8F76-4E66-A830-7E8EDE98A442} = {EDE9D1D7-2B97-45F2-A591-768C7128F98D}
		{9FDDF7A6-294D-4AA8-A33A-3A080296E37B} = {EDE9D1D7-2B97-45F2-A591-768C7128F98D}
		{DEAEF538-69C2-4BDA-B6A9-6958ABD01DA5} = {EDE9D1D7-2B97-45F2-A591-768C7128F98D}
	EndGlobalSection
	GlobalSection(ExtensibilityGlobals) = postSolution
		SolutionGuid = {7190F7DA-00FA-4A06-B6F1-8D06FC2EB4FA}
	EndGlobalSection
EndGlobal
