
Microsoft Visual Studio Solution File, Format Version 12.00
# Visual Studio Version 16
VisualStudioVersion = 16.0.34031.81
MinimumVisualStudioVersion = 10.0.40219.1
Project("{2150E333-8FDC-42A3-9474-1A3956D46DE8}") = "Task0", "Task0", "{44C6B0A3-6BCA-46D4-A830-1B35F76AC8F2}"
EndProject
Project("{FAE04EC0-301F-11D3-BF4B-00C04F79EFBC}") = "Tyuiu.KushnerovIA.Sprint1.Task0.V26", "Tyuiu.KushnerovIA.Sprint1.Task0.V26\Tyuiu.KushnerovIA.Sprint1.Task0.V26.csproj", "{615FFC10-E818-4176-A0F3-8C8CFE56FAED}"
EndProject
Project("{FAE04EC0-301F-11D3-BF4B-00C04F79EFBC}") = "Tyuiu.KushnerovIA.Sprint1.Task0.V26.Test", "Tyuiu.KushnerovIA.Sprint1.Task0.V26.Test\Tyuiu.KushnerovIA.Sprint1.Task0.V26.Test.csproj", "{425CAB31-2887-49FB-A322-A6931CF48999}"
EndProject
Project("{FAE04EC0-301F-11D3-BF4B-00C04F79EFBC}") = "Tyuiu.KushnerovIA.Sprint1.Task0.V26.Lib", "Tyuiu.KushnerovIA.Sprint1.Task0.V26.Lib\Tyuiu.KushnerovIA.Sprint1.Task0.V26.Lib.csproj", "{948B09A9-3216-4FE4-B05C-4DEF8952BB27}"
EndProject
Project("{2150E333-8FDC-42A3-9474-1A3956D46DE8}") = "Task1", "Task1", "{8A31A42E-92BF-415B-A2E7-8DA971C7F887}"
EndProject
Project("{FAE04EC0-301F-11D3-BF4B-00C04F79EFBC}") = "Tyuiu.KushnerovIA.Sprint1.Task1.V16", "Tyuiu.KushnerovIA.Sprint1.Task1.V16\Tyuiu.KushnerovIA.Sprint1.Task1.V16.csproj", "{24D09EEB-3172-421C-AED1-2372675DAB50}"
EndProject
Project("{FAE04EC0-301F-11D3-BF4B-00C04F79EFBC}") = "Tyuiu.KushnerovIA.Sprint1.Task1.V16.Lib", "Tyuiu.KushnerovIA.Sprint1.Task1.V16.Lib\Tyuiu.KushnerovIA.Sprint1.Task1.V16.Lib.csproj", "{1525D304-62E3-4076-9B3C-F7FFFC751350}"
EndProject
Project("{FAE04EC0-301F-11D3-BF4B-00C04F79EFBC}") = "Tyuiu.KushnerovIA.Sprint1.Task1.V16.Test", "Tyuiu.KushnerovIA.Sprint1.Task1.V16.Test\Tyuiu.KushnerovIA.Sprint1.Task1.V16.Test.csproj", "{892279A0-20D8-4421-90DE-42FA538E4738}"
EndProject
Project("{2150E333-8FDC-42A3-9474-1A3956D46DE8}") = "Task2", "Task2", "{EDE9D1D7-2B97-45F2-A591-768C7128F98D}"
EndProject
Project("{FAE04EC0-301F-11D3-BF4B-00C04F79EFBC}") = "Tyuiu.KushnerovIA.Sprint1.Task2.V17", "Tyuiu.KushnerovIA.Sprint1.Task2.V17\Tyuiu.KushnerovIA.Sprint1.Task2.V17.csproj", "{0CA242CC-8F76-4E66-A830-7E8EDE98A442}"
EndProject
Project("{FAE04EC0-301F-11D3-BF4B-00C04F79EFBC}") = "Tyuiu.KushnerovIA.Sprint1.Task2.V17.Test", "Tyuiu.KushnerovIA.Sprint1.Task2.V17.Test\Tyuiu.KushnerovIA.Sprint1.Task2.V17.Test.csproj", "{9FDDF7A6-294D-4AA8-A33A-3A080296E37B}"
EndProject
Project("{FAE04EC0-301F-11D3-BF4B-00C04F79EFBC}") = "Tyuiu.KushnerovIA.Sprint1.Task2.V17.Lib", "Tyuiu.KushnerovIA.Sprint1.Task2.V17.Lib\Tyuiu.KushnerovIA.Sprint1.Task2.V17.Lib.csproj", "{DEAEF538-69C2-4BDA-B6A9-6958ABD01DA5}"
EndProject
Project("{2150E333-8FDC-42A3-9474-1A3956D46DE8}") = "Task3", "Task3", "{41D6600D-8516-440A-B7E4-6EE337421324}"
EndProject
Project("{FAE04EC0-301F-11D3-BF4B-00C04F79EFBC}") = "Tyuiu.KushnerovIA.Sprint1.Task3.V16", "Tyuiu.KushnerovIA.Sprint1.Task3.V16\Tyuiu.KushnerovIA.Sprint1.Task3.V16.csproj", "{BC04BC80-5245-41EB-8E74-36BB3DDA4656}"
EndProject
Project("{FAE04EC0-301F-11D3-BF4B-00C04F79EFBC}") = "Tyuiu.KushnerovIA.Sprint1.Task3.V16.Lib", "Tyuiu.KushnerovIA.Sprint1.Task3.V16.Lib\Tyuiu.KushnerovIA.Sprint1.Task3.V16.Lib.csproj", "{9CF533AC-31C6-430B-B048-5577960498D3}"
EndProject
Project("{FAE04EC0-301F-11D3-BF4B-00C04F79EFBC}") = "Tyuiu.KushnerovIA.Sprint1.Task3.V16.Test", "Tyuiu.KushnerovIA.Sprint1.Task3.V16.Test\Tyuiu.KushnerovIA.Sprint1.Task3.V16.Test.csproj", "{905FD6C2-7E92-4056-9FF9-81CB427C954D}"
EndProject
Project("{2150E333-8FDC-42A3-9474-1A3956D46DE8}") = "Task4", "Task4", "{7985C5DD-CD92-410A-9DCC-AF51BA6C156F}"
EndProject
Project("{FAE04EC0-301F-11D3-BF4B-00C04F79EFBC}") = "Tyuiu.KushnerovIA.Sprint1.Task4.V4", "Tyuiu.KushnerovIA.Sprint1.Task4.V4\Tyuiu.KushnerovIA.Sprint1.Task4.V4.csproj", "{7219163B-2F03-41CF-9418-4254D3C8299E}"
EndProject
Project("{FAE04EC0-301F-11D3-BF4B-00C04F79EFBC}") = "Tyuiu.KushnerovIA.Sprint1.Task4.V4.Test", "Tyuiu.KushnerovIA.Sprint1.Task4.V4.Test\Tyuiu.KushnerovIA.Sprint1.Task4.V4.Test.csproj", "{B219D4B2-7C8F-476E-8146-EABF06C28297}"
EndProject
Project("{FAE04EC0-301F-11D3-BF4B-00C04F79EFBC}") = "Tyuiu.KushnerovIA.Sprint1.Task4.V4.Lib", "Tyuiu.KushnerovIA.Sprint1.Task4.V4.Lib\Tyuiu.KushnerovIA.Sprint1.Task4.V4.Lib.csproj", "{192FC686-489E-4AEF-80E5-9CA3CBF2F149}"
EndProject
Project("{2150E333-8FDC-42A3-9474-1A3956D46DE8}") = "Task5", "Task5", "{57FD8A68-4722-4539-AB03-DA1CDA81B79A}"
EndProject
Project("{FAE04EC0-301F-11D3-BF4B-00C04F79EFBC}") = "Tyuiu.KushnerovIA.Sprint1.Task5.V4", "Tyuiu.KushnerovIA.Sprint1.Task5.V4\Tyuiu.KushnerovIA.Sprint1.Task5.V4.csproj", "{971D05E4-E8B7-4F4F-BD0C-FFCD80376435}"
EndProject
Project("{FAE04EC0-301F-11D3-BF4B-00C04F79EFBC}") = "Tyuiu.KushnerovIA.Sprint1.Task5.V4.Lib", "Tyuiu.KushnerovIA.Sprint1.Task5.V4.Lib\Tyuiu.KushnerovIA.Sprint1.Task5.V4.Lib.csproj", "{D7E033B2-E8A3-4500-BA49-60B2706C5EA7}"
EndProject
Project("{FAE04EC0-301F-11D3-BF4B-00C04F79EFBC}") = "Tyuiu.KushnerovIA.Sprint1.Task5.V4.Test", "Tyuiu.KushnerovIA.Sprint1.Task5.V4.Test\Tyuiu.KushnerovIA.Sprint1.Task5.V4.Test.csproj", "{724205BE-236D-4BB7-8ACB-F3D4A32CBDB3}"
EndProject
Project("{2150E333-8FDC-42A3-9474-1A3956D46DE8}") = "Task6", "Task6", "{C5528EE0-724E-469E-9A2D-040334D321A0}"
EndProject
Project("{FAE04EC0-301F-11D3-BF4B-00C04F79EFBC}") = "Tyuiu.KushnerovIA.Sprint1.Task6.V5", "Tyuiu.KushnerovIA.Sprint1.Task6.V5\Tyuiu.KushnerovIA.Sprint1.Task6.V5.csproj", "{FCFF0904-B87F-4B24-B8D7-2353A5585402}"
EndProject
Project("{FAE04EC0-301F-11D3-BF4B-00C04F79EFBC}") = "Tyuiu.KushnerovIA.Sprint1.Task6.V5.Test", "Tyuiu.KushnerovIA.Sprint1.Task6.V5.Test\Tyuiu.KushnerovIA.Sprint1.Task6.V5.Test.csproj", "{8CDE1E33-5D1D-42AA-84C3-0875F05C4493}"
EndProject
Project("{FAE04EC0-301F-11D3-BF4B-00C04F79EFBC}") = "Tyuiu.KushnerovIA.Sprint1.Task6.V5.Lib", "Tyuiu.KushnerovIA.Sprint1.Task6.V5.Lib\Tyuiu.KushnerovIA.Sprint1.Task6.V5.Lib.csproj", "{CE95BF26-272F-4FD0-92A0-8FCCD1D567CE}"
EndProject
Global
	GlobalSection(SolutionConfigurationPlatforms) = preSolution
		Debug|Any CPU = Debug|Any CPU
		Release|Any CPU = Release|Any CPU
	EndGlobalSection
	GlobalSection(ProjectConfigurationPlatforms) = postSolution
		{615FFC10-E818-4176-A0F3-8C8CFE56FAED}.Debug|Any CPU.ActiveCfg = Debug|Any CPU
		{615FFC10-E818-4176-A0F3-8C8CFE56FAED}.Debug|Any CPU.Build.0 = Debug|Any CPU
		{615FFC10-E818-4176-A0F3-8C8CFE56FAED}.Release|Any CPU.ActiveCfg = Release|Any CPU
		{615FFC10-E818-4176-A0F3-8C8CFE56FAED}.Release|Any CPU.Build.0 = Release|Any CPU
		{425CAB31-2887-49FB-A322-A6931CF48999}.Debug|Any CPU.ActiveCfg = Debug|Any CPU
		{425CAB31-2887-49FB-A322-A6931CF48999}.Debug|Any CPU.Build.0 = Debug|Any CPU
		{425CAB31-2887-49FB-A322-A6931CF48999}.Release|Any CPU.ActiveCfg = Release|Any CPU
		{425CAB31-2887-49FB-A322-A6931CF48999}.Release|Any CPU.Build.0 = Release|Any CPU
		{948B09A9-3216-4FE4-B05C-4DEF8952BB27}.Debug|Any CPU.ActiveCfg = Debug|Any CPU
		{948B09A9-3216-4FE4-B05C-4DEF8952BB27}.Debug|Any CPU.Build.0 = Debug|Any CPU
		{948B09A9-3216-4FE4-B05C-4DEF8952BB27}.Release|Any CPU.ActiveCfg = Release|Any CPU
		{948B09A9-3216-4FE4-B05C-4DEF8952BB27}.Release|Any CPU.Build.0 = Release|Any CPU
		{24D09EEB-3172-421C-AED1-2372675DAB50}.Debug|Any CPU.ActiveCfg = Debug|Any CPU
		{24D09EEB-3172-421C-AED1-2372675DAB50}.Debug|Any CPU.Build.0 = Debug|Any CPU
		{24D09EEB-3172-421C-AED1-2372675DAB50}.Release|Any CPU.ActiveCfg = Release|Any CPU
		{24D09EEB-3172-421C-AED1-2372675DAB50}.Release|Any CPU.Build.0 = Release|Any CPU
		{1525D304-62E3-4076-9B3C-F7FFFC751350}.Debug|Any CPU.ActiveCfg = Debug|Any CPU
		{1525D304-62E3-4076-9B3C-F7FFFC751350}.Debug|Any CPU.Build.0 = Debug|Any CPU
		{1525D304-62E3-4076-9B3C-F7FFFC751350}.Release|Any CPU.ActiveCfg = Release|Any CPU
		{1525D304-62E3-4076-9B3C-F7FFFC751350}.Release|Any CPU.Build.0 = Release|Any CPU
		{892279A0-20D8-4421-90DE-42FA538E4738}.Debug|Any CPU.ActiveCfg = Debug|Any CPU
		{892279A0-20D8-4421-90DE-42FA538E4738}.Debug|Any CPU.Build.0 = Debug|Any CPU
		{892279A0-20D8-4421-90DE-42FA538E4738}.Release|Any CPU.ActiveCfg = Release|Any CPU
		{892279A0-20D8-4421-90DE-42FA538E4738}.Release|Any CPU.Build.0 = Release|Any CPU
		{0CA242CC-8F76-4E66-A830-7E8EDE98A442}.Debug|Any CPU.ActiveCfg = Debug|Any CPU
		{0CA242CC-8F76-4E66-A830-7E8EDE98A442}.Debug|Any CPU.Build.0 = Debug|Any CPU
		{0CA242CC-8F76-4E66-A830-7E8EDE98A442}.Release|Any CPU.ActiveCfg = Release|Any CPU
		{0CA242CC-8F76-4E66-A830-7E8EDE98A442}.Release|Any CPU.Build.0 = Release|Any CPU
		{9FDDF7A6-294D-4AA8-A33A-3A080296E37B}.Debug|Any CPU.ActiveCfg = Debug|Any CPU
		{9FDDF7A6-294D-4AA8-A33A-3A080296E37B}.Debug|Any CPU.Build.0 = Debug|Any CPU
		{9FDDF7A6-294D-4AA8-A33A-3A080296E37B}.Release|Any CPU.ActiveCfg = Release|Any CPU
		{9FDDF7A6-294D-4AA8-A33A-3A080296E37B}.Release|Any CPU.Build.0 = Release|Any CPU
		{DEAEF538-69C2-4BDA-B6A9-6958ABD01DA5}.Debug|Any CPU.ActiveCfg = Debug|Any CPU
		{DEAEF538-69C2-4BDA-B6A9-6958ABD01DA5}.Debug|Any CPU.Build.0 = Debug|Any CPU
		{DEAEF538-69C2-4BDA-B6A9-6958ABD01DA5}.Release|Any CPU.ActiveCfg = Release|Any CPU
		{DEAEF538-69C2-4BDA-B6A9-6958ABD01DA5}.Release|Any CPU.Build.0 = Release|Any CPU
		{BC04BC80-5245-41EB-8E74-36BB3DDA4656}.Debug|Any CPU.ActiveCfg = Debug|Any CPU
		{BC04BC80-5245-41EB-8E74-36BB3DDA4656}.Debug|Any CPU.Build.0 = Debug|Any CPU
		{BC04BC80-5245-41EB-8E74-36BB3DDA4656}.Release|Any CPU.ActiveCfg = Release|Any CPU
		{BC04BC80-5245-41EB-8E74-36BB3DDA4656}.Release|Any CPU.Build.0 = Release|Any CPU
		{9CF533AC-31C6-430B-B048-5577960498D3}.Debug|Any CPU.ActiveCfg = Debug|Any CPU
		{9CF533AC-31C6-430B-B048-5577960498D3}.Debug|Any CPU.Build.0 = Debug|Any CPU
		{9CF533AC-31C6-430B-B048-5577960498D3}.Release|Any CPU.ActiveCfg = Release|Any CPU
		{9CF533AC-31C6-430B-B048-5577960498D3}.Release|Any CPU.Build.0 = Release|Any CPU
		{905FD6C2-7E92-4056-9FF9-81CB427C954D}.Debug|Any CPU.ActiveCfg = Debug|Any CPU
		{905FD6C2-7E92-4056-9FF9-81CB427C954D}.Debug|Any CPU.Build.0 = Debug|Any CPU
		{905FD6C2-7E92-4056-9FF9-81CB427C954D}.Release|Any CPU.ActiveCfg = Release|Any CPU
		{905FD6C2-7E92-4056-9FF9-81CB427C954D}.Release|Any CPU.Build.0 = Release|Any CPU
		{7219163B-2F03-41CF-9418-4254D3C8299E}.Debug|Any CPU.ActiveCfg = Debug|Any CPU
		{7219163B-2F03-41CF-9418-4254D3C8299E}.Debug|Any CPU.Build.0 = Debug|Any CPU
		{7219163B-2F03-41CF-9418-4254D3C8299E}.Release|Any CPU.ActiveCfg = Release|Any CPU
		{7219163B-2F03-41CF-9418-4254D3C8299E}.Release|Any CPU.Build.0 = Release|Any CPU
		{B219D4B2-7C8F-476E-8146-EABF06C28297}.Debug|Any CPU.ActiveCfg = Debug|Any CPU
		{B219D4B2-7C8F-476E-8146-EABF06C28297}.Debug|Any CPU.Build.0 = Debug|Any CPU
		{B219D4B2-7C8F-476E-8146-EABF06C28297}.Release|Any CPU.ActiveCfg = Release|Any CPU
		{B219D4B2-7C8F-476E-8146-EABF06C28297}.Release|Any CPU.Build.0 = Release|Any CPU
		{192FC686-489E-4AEF-80E5-9CA3CBF2F149}.Debug|Any CPU.ActiveCfg = Debug|Any CPU
		{192FC686-489E-4AEF-80E5-9CA3CBF2F149}.Debug|Any CPU.Build.0 = Debug|Any CPU
		{192FC686-489E-4AEF-80E5-9CA3CBF2F149}.Release|Any CPU.ActiveCfg = Release|Any CPU
		{192FC686-489E-4AEF-80E5-9CA3CBF2F149}.Release|Any CPU.Build.0 = Release|Any CPU
		{971D05E4-E8B7-4F4F-BD0C-FFCD80376435}.Debug|Any CPU.ActiveCfg = Debug|Any CPU
		{971D05E4-E8B7-4F4F-BD0C-FFCD80376435}.Debug|Any CPU.Build.0 = Debug|Any CPU
		{971D05E4-E8B7-4F4F-BD0C-FFCD80376435}.Release|Any CPU.ActiveCfg = Release|Any CPU
		{971D05E4-E8B7-4F4F-BD0C-FFCD80376435}.Release|Any CPU.Build.0 = Release|Any CPU
		{D7E033B2-E8A3-4500-BA49-60B2706C5EA7}.Debug|Any CPU.ActiveCfg = Debug|Any CPU
		{D7E033B2-E8A3-4500-BA49-60B2706C5EA7}.Debug|Any CPU.Build.0 = Debug|Any CPU
		{D7E033B2-E8A3-4500-BA49-60B2706C5EA7}.Release|Any CPU.ActiveCfg = Release|Any CPU
		{D7E033B2-E8A3-4500-BA49-60B2706C5EA7}.Release|Any CPU.Build.0 = Release|Any CPU
		{724205BE-236D-4BB7-8ACB-F3D4A32CBDB3}.Debug|Any CPU.ActiveCfg = Debug|Any CPU
		{724205BE-236D-4BB7-8ACB-F3D4A32CBDB3}.Debug|Any CPU.Build.0 = Debug|Any CPU
		{724205BE-236D-4BB7-8ACB-F3D4A32CBDB3}.Release|Any CPU.ActiveCfg = Release|Any CPU
		{724205BE-236D-4BB7-8ACB-F3D4A32CBDB3}.Release|Any CPU.Build.0 = Release|Any CPU
		{FCFF0904-B87F-4B24-B8D7-2353A5585402}.Debug|Any CPU.ActiveCfg = Debug|Any CPU
		{FCFF0904-B87F-4B24-B8D7-2353A5585402}.Debug|Any CPU.Build.0 = Debug|Any CPU
		{FCFF0904-B87F-4B24-B8D7-2353A5585402}.Release|Any CPU.ActiveCfg = Release|Any CPU
		{FCFF0904-B87F-4B24-B8D7-2353A5585402}.Release|Any CPU.Build.0 = Release|Any CPU
		{8CDE1E33-5D1D-42AA-84C3-0875F05C4493}.Debug|Any CPU.ActiveCfg = Debug|Any CPU
		{8CDE1E33-5D1D-42AA-84C3-0875F05C4493}.Debug|Any CPU.Build.0 = Debug|Any CPU
		{8CDE1E33-5D1D-42AA-84C3-0875F05C4493}.Release|Any CPU.ActiveCfg = Release|Any CPU
		{8CDE1E33-5D1D-42AA-84C3-0875F05C4493}.Release|Any CPU.Build.0 = Release|Any CPU
		{CE95BF26-272F-4FD0-92A0-8FCCD1D567CE}.Debug|Any CPU.ActiveCfg = Debug|Any CPU
		{CE95BF26-272F-4FD0-92A0-8FCCD1D567CE}.Debug|Any CPU.Build.0 = Debug|Any CPU
		{CE95BF26-272F-4FD0-92A0-8FCCD1D567CE}.Release|Any CPU.ActiveCfg = Release|Any CPU
		{CE95BF26-272F-4FD0-92A0-8FCCD1D567CE}.Release|Any CPU.Build.0 = Release|Any CPU
	EndGlobalSection
	GlobalSection(SolutionProperties) = preSolution
		HideSolutionNode = FALSE
	EndGlobalSection
	GlobalSection(NestedProjects) = preSolution
		{615FFC10-E818-4176-A0F3-8C8CFE56FAED} = {44C6B0A3-6BCA-46D4-A830-1B35F76AC8F2}
		{425CAB31-2887-49FB-A322-A6931CF48999} = {44C6B0A3-6BCA-46D4-A830-1B35F76AC8F2}
		{948B09A9-3216-4FE4-B05C-4DEF8952BB27} = {44C6B0A3-6BCA-46D4-A830-1B35F76AC8F2}
		{24D09EEB-3172-421C-AED1-2372675DAB50} = {8A31A42E-92BF-415B-A2E7-8DA971C7F887}
		{1525D304-62E3-4076-9B3C-F7FFFC751350} = {8A31A42E-92BF-415B-A2E7-8DA971C7F887}
		{892279A0-20D8-4421-90DE-42FA538E4738} = {8A31A42E-92BF-415B-A2E7-8DA971C7F887}
		{0CA242CC-8F76-4E66-A830-7E8EDE98A442} = {EDE9D1D7-2B97-45F2-A591-768C7128F98D}
		{9FDDF7A6-294D-4AA8-A33A-3A080296E37B} = {EDE9D1D7-2B97-45F2-A591-768C7128F98D}
		{DEAEF538-69C2-4BDA-B6A9-6958ABD01DA5} = {EDE9D1D7-2B97-45F2-A591-768C7128F98D}
		{BC04BC80-5245-41EB-8E74-36BB3DDA4656} = {41D6600D-8516-440A-B7E4-6EE337421324}
		{9CF533AC-31C6-430B-B048-5577960498D3} = {41D6600D-8516-440A-B7E4-6EE337421324}
		{905FD6C2-7E92-4056-9FF9-81CB427C954D} = {41D6600D-8516-440A-B7E4-6EE337421324}
		{7219163B-2F03-41CF-9418-4254D3C8299E} = {7985C5DD-CD92-410A-9DCC-AF51BA6C156F}
		{B219D4B2-7C8F-476E-8146-EABF06C28297} = {7985C5DD-CD92-410A-9DCC-AF51BA6C156F}
		{192FC686-489E-4AEF-80E5-9CA3CBF2F149} = {7985C5DD-CD92-410A-9DCC-AF51BA6C156F}
		{971D05E4-E8B7-4F4F-BD0C-FFCD80376435} = {57FD8A68-4722-4539-AB03-DA1CDA81B79A}
		{D7E033B2-E8A3-4500-BA49-60B2706C5EA7} = {57FD8A68-4722-4539-AB03-DA1CDA81B79A}
		{724205BE-236D-4BB7-8ACB-F3D4A32CBDB3} = {57FD8A68-4722-4539-AB03-DA1CDA81B79A}
		{FCFF0904-B87F-4B24-B8D7-2353A5585402} = {C5528EE0-724E-469E-9A2D-040334D321A0}
		{8CDE1E33-5D1D-42AA-84C3-0875F05C4493} = {C5528EE0-724E-469E-9A2D-040334D321A0}
		{CE95BF26-272F-4FD0-92A0-8FCCD1D567CE} = {C5528EE0-724E-469E-9A2D-040334D321A0}
	EndGlobalSection
	GlobalSection(ExtensibilityGlobals) = postSolution
		SolutionGuid = {7190F7DA-00FA-4A06-B6F1-8D06FC2EB4FA}
	EndGlobalSection
EndGlobal
